// !$*UTF8*$!
{
	archiveVersion = 1;
	classes = {
	};
	objectVersion = 46;
	objects = {

/* Begin PBXBuildFile section */
		5728F7011D6B4D0A00014D42 /* CameraViewController.swift in Sources */ = {isa = PBXBuildFile; fileRef = 5728F7001D6B4D0A00014D42 /* CameraViewController.swift */; };
		CC2647FD1D6A9C2F00C9E5B1 /* AppDelegate.swift in Sources */ = {isa = PBXBuildFile; fileRef = CC2647FC1D6A9C2F00C9E5B1 /* AppDelegate.swift */; };
		CC2647FF1D6A9C2F00C9E5B1 /* ViewController.swift in Sources */ = {isa = PBXBuildFile; fileRef = CC2647FE1D6A9C2F00C9E5B1 /* ViewController.swift */; };
		CC2648021D6A9C2F00C9E5B1 /* Main.storyboard in Resources */ = {isa = PBXBuildFile; fileRef = CC2648001D6A9C2F00C9E5B1 /* Main.storyboard */; };
		CC2648041D6A9C2F00C9E5B1 /* Assets.xcassets in Resources */ = {isa = PBXBuildFile; fileRef = CC2648031D6A9C2F00C9E5B1 /* Assets.xcassets */; };
		CC2648071D6A9C2F00C9E5B1 /* LaunchScreen.storyboard in Resources */ = {isa = PBXBuildFile; fileRef = CC2648051D6A9C2F00C9E5B1 /* LaunchScreen.storyboard */; };
/* End PBXBuildFile section */

/* Begin PBXFileReference section */
		5728F7001D6B4D0A00014D42 /* CameraViewController.swift */ = {isa = PBXFileReference; fileEncoding = 4; lastKnownFileType = sourcecode.swift; path = CameraViewController.swift; sourceTree = "<group>"; };
		CC2647F91D6A9C2F00C9E5B1 /* Detector.app */ = {isa = PBXFileReference; explicitFileType = wrapper.application; includeInIndex = 0; path = Detector.app; sourceTree = BUILT_PRODUCTS_DIR; };
		CC2647FC1D6A9C2F00C9E5B1 /* AppDelegate.swift */ = {isa = PBXFileReference; lastKnownFileType = sourcecode.swift; path = AppDelegate.swift; sourceTree = "<group>"; };
		CC2647FE1D6A9C2F00C9E5B1 /* ViewController.swift */ = {isa = PBXFileReference; lastKnownFileType = sourcecode.swift; path = ViewController.swift; sourceTree = "<group>"; };
		CC2648011D6A9C2F00C9E5B1 /* Base */ = {isa = PBXFileReference; lastKnownFileType = file.storyboard; name = Base; path = Base.lproj/Main.storyboard; sourceTree = "<group>"; };
		CC2648031D6A9C2F00C9E5B1 /* Assets.xcassets */ = {isa = PBXFileReference; lastKnownFileType = folder.assetcatalog; path = Assets.xcassets; sourceTree = "<group>"; };
		CC2648061D6A9C2F00C9E5B1 /* Base */ = {isa = PBXFileReference; lastKnownFileType = file.storyboard; name = Base; path = Base.lproj/LaunchScreen.storyboard; sourceTree = "<group>"; };
		CC2648081D6A9C2F00C9E5B1 /* Info.plist */ = {isa = PBXFileReference; lastKnownFileType = text.plist.xml; path = Info.plist; sourceTree = "<group>"; };
/* End PBXFileReference section */

/* Begin PBXFrameworksBuildPhase section */
		CC2647F61D6A9C2F00C9E5B1 /* Frameworks */ = {
			isa = PBXFrameworksBuildPhase;
			buildActionMask = 2147483647;
			files = (
			);
			runOnlyForDeploymentPostprocessing = 0;
		};
/* End PBXFrameworksBuildPhase section */

/* Begin PBXGroup section */
		CC2647F01D6A9C2F00C9E5B1 = {
			isa = PBXGroup;
			children = (
				CC2647FB1D6A9C2F00C9E5B1 /* Detector */,
				CC2647FA1D6A9C2F00C9E5B1 /* Products */,
			);
			sourceTree = "<group>";
		};
		CC2647FA1D6A9C2F00C9E5B1 /* Products */ = {
			isa = PBXGroup;
			children = (
				CC2647F91D6A9C2F00C9E5B1 /* Detector.app */,
			);
			name = Products;
			sourceTree = "<group>";
		};
		CC2647FB1D6A9C2F00C9E5B1 /* Detector */ = {
			isa = PBXGroup;
			children = (
				CC2647FC1D6A9C2F00C9E5B1 /* AppDelegate.swift */,
				CC2647FE1D6A9C2F00C9E5B1 /* ViewController.swift */,
				CC2648001D6A9C2F00C9E5B1 /* Main.storyboard */,
				5728F7001D6B4D0A00014D42 /* CameraViewController.swift */,
				CC2648031D6A9C2F00C9E5B1 /* Assets.xcassets */,
				CC2648051D6A9C2F00C9E5B1 /* LaunchScreen.storyboard */,
				CC2648081D6A9C2F00C9E5B1 /* Info.plist */,
			);
			path = Detector;
			sourceTree = "<group>";
		};
/* End PBXGroup section */

/* Begin PBXNativeTarget section */
		CC2647F81D6A9C2F00C9E5B1 /* Detector */ = {
			isa = PBXNativeTarget;
			buildConfigurationList = CC26480B1D6A9C2F00C9E5B1 /* Build configuration list for PBXNativeTarget "Detector" */;
			buildPhases = (
				CC2647F51D6A9C2F00C9E5B1 /* Sources */,
				CC2647F61D6A9C2F00C9E5B1 /* Frameworks */,
				CC2647F71D6A9C2F00C9E5B1 /* Resources */,
			);
			buildRules = (
			);
			dependencies = (
			);
			name = Detector;
			productName = Detector;
			productReference = CC2647F91D6A9C2F00C9E5B1 /* Detector.app */;
			productType = "com.apple.product-type.application";
		};
/* End PBXNativeTarget section */

/* Begin PBXProject section */
		CC2647F11D6A9C2F00C9E5B1 /* Project object */ = {
			isa = PBXProject;
			attributes = {
				LastSwiftUpdateCheck = 0730;
				LastUpgradeCheck = 0810;
				ORGANIZATIONNAME = "Gregg Mojica";
				TargetAttributes = {
					CC2647F81D6A9C2F00C9E5B1 = {
						CreatedOnToolsVersion = 7.3.1;
						DevelopmentTeam = YZP52RND5S;
						LastSwiftMigration = 0810;
					};
				};
			};
			buildConfigurationList = CC2647F41D6A9C2F00C9E5B1 /* Build configuration list for PBXProject "Detector" */;
			compatibilityVersion = "Xcode 3.2";
			developmentRegion = English;
			hasScannedForEncodings = 0;
			knownRegions = (
				en,
				Base,
			);
			mainGroup = CC2647F01D6A9C2F00C9E5B1;
			productRefGroup = CC2647FA1D6A9C2F00C9E5B1 /* Products */;
			projectDirPath = "";
			projectRoot = "";
			targets = (
				CC2647F81D6A9C2F00C9E5B1 /* Detector */,
			);
		};
/* End PBXProject section */

/* Begin PBXResourcesBuildPhase section */
		CC2647F71D6A9C2F00C9E5B1 /* Resources */ = {
			isa = PBXResourcesBuildPhase;
			buildActionMask = 2147483647;
			files = (
				CC2648071D6A9C2F00C9E5B1 /* LaunchScreen.storyboard in Resources */,
				CC2648041D6A9C2F00C9E5B1 /* Assets.xcassets in Resources */,
				CC2648021D6A9C2F00C9E5B1 /* Main.storyboard in Resources */,
			);
			runOnlyForDeploymentPostprocessing = 0;
		};
/* End PBXResourcesBuildPhase section */

/* Begin PBXSourcesBuildPhase section */
		CC2647F51D6A9C2F00C9E5B1 /* Sources */ = {
			isa = PBXSourcesBuildPhase;
			buildActionMask = 2147483647;
			files = (
				CC2647FF1D6A9C2F00C9E5B1 /* ViewController.swift in Sources */,
				CC2647FD1D6A9C2F00C9E5B1 /* AppDelegate.swift in Sources */,
				5728F7011D6B4D0A00014D42 /* CameraViewController.swift in Sources */,
			);
			runOnlyForDeploymentPostprocessing = 0;
		};
/* End PBXSourcesBuildPhase section */

/* Begin PBXVariantGroup section */
		CC2648001D6A9C2F00C9E5B1 /* Main.storyboard */ = {
			isa = PBXVariantGroup;
			children = (
				CC2648011D6A9C2F00C9E5B1 /* Base */,
			);
			name = Main.storyboard;
			sourceTree = "<group>";
		};
		CC2648051D6A9C2F00C9E5B1 /* LaunchScreen.storyboard */ = {
			isa = PBXVariantGroup;
			children = (
				CC2648061D6A9C2F00C9E5B1 /* Base */,
			);
			name = LaunchScreen.storyboard;
			sourceTree = "<group>";
		};
/* End PBXVariantGroup section */

/* Begin XCBuildConfiguration section */
		CC2648091D6A9C2F00C9E5B1 /* Debug */ = {
			isa = XCBuildConfiguration;
			buildSettings = {
				ALWAYS_SEARCH_USER_PATHS = NO;
				CLANG_ANALYZER_NONNULL = YES;
				CLANG_CXX_LANGUAGE_STANDARD = "gnu++0x";
				CLANG_CXX_LIBRARY = "libc++";
				CLANG_ENABLE_MODULES = YES;
				CLANG_ENABLE_OBJC_ARC = YES;
				CLANG_WARN_BOOL_CONVERSION = YES;
				CLANG_WARN_CONSTANT_CONVERSION = YES;
				CLANG_WARN_DIRECT_OBJC_ISA_USAGE = YES_ERROR;
				CLANG_WARN_EMPTY_BODY = YES;
				CLANG_WARN_ENUM_CONVERSION = YES;
				CLANG_WARN_INFINITE_RECURSION = YES;
				CLANG_WARN_INT_CONVERSION = YES;
				CLANG_WARN_OBJC_ROOT_CLASS = YES_ERROR;
				CLANG_WARN_SUSPICIOUS_MOVE = YES;
				CLANG_WARN_UNREACHABLE_CODE = YES;
				CLANG_WARN__DUPLICATE_METHOD_MATCH = YES;
				"CODE_SIGN_IDENTITY[sdk=iphoneos*]" = "iPhone Developer";
				COPY_PHASE_STRIP = NO;
				DEBUG_INFORMATION_FORMAT = dwarf;
				ENABLE_STRICT_OBJC_MSGSEND = YES;
				ENABLE_TESTABILITY = YES;
				GCC_C_LANGUAGE_STANDARD = gnu99;
				GCC_DYNAMIC_NO_PIC = NO;
				GCC_NO_COMMON_BLOCKS = YES;
				GCC_OPTIMIZATION_LEVEL = 0;
				GCC_PREPROCESSOR_DEFINITIONS = (
					"DEBUG=1",
					"$(inherited)",
				);
				GCC_WARN_64_TO_32_BIT_CONVERSION = YES;
				GCC_WARN_ABOUT_RETURN_TYPE = YES_ERROR;
				GCC_WARN_UNDECLARED_SELECTOR = YES;
				GCC_WARN_UNINITIALIZED_AUTOS = YES_AGGRESSIVE;
				GCC_WARN_UNUSED_FUNCTION = YES;
				GCC_WARN_UNUSED_VARIABLE = YES;
				IPHONEOS_DEPLOYMENT_TARGET = 9.3;
				MTL_ENABLE_DEBUG_INFO = YES;
				ONLY_ACTIVE_ARCH = YES;
				SDKROOT = iphoneos;
				SWIFT_OPTIMIZATION_LEVEL = "-Onone";
				TARGETED_DEVICE_FAMILY = "1,2";
			};
			name = Debug;
		};
		CC26480A1D6A9C2F00C9E5B1 /* Release */ = {
			isa = XCBuildConfiguration;
			buildSettings = {
				ALWAYS_SEARCH_USER_PATHS = NO;
				CLANG_ANALYZER_NONNULL = YES;
				CLANG_CXX_LANGUAGE_STANDARD = "gnu++0x";
				CLANG_CXX_LIBRARY = "libc++";
				CLANG_ENABLE_MODULES = YES;
				CLANG_ENABLE_OBJC_ARC = YES;
				CLANG_WARN_BOOL_CONVERSION = YES;
				CLANG_WARN_CONSTANT_CONVERSION = YES;
				CLANG_WARN_DIRECT_OBJC_ISA_USAGE = YES_ERROR;
				CLANG_WARN_EMPTY_BODY = YES;
				CLANG_WARN_ENUM_CONVERSION = YES;
				CLANG_WARN_INFINITE_RECURSION = YES;
				CLANG_WARN_INT_CONVERSION = YES;
				CLANG_WARN_OBJC_ROOT_CLASS = YES_ERROR;
				CLANG_WARN_SUSPICIOUS_MOVE = YES;
				CLANG_WARN_UNREACHABLE_CODE = YES;
				CLANG_WARN__DUPLICATE_METHOD_MATCH = YES;
				"CODE_SIGN_IDENTITY[sdk=iphoneos*]" = "iPhone Developer";
				COPY_PHASE_STRIP = NO;
				DEBUG_INFORMATION_FORMAT = "dwarf-with-dsym";
				ENABLE_NS_ASSERTIONS = NO;
				ENABLE_STRICT_OBJC_MSGSEND = YES;
				GCC_C_LANGUAGE_STANDARD = gnu99;
				GCC_NO_COMMON_BLOCKS = YES;
				GCC_WARN_64_TO_32_BIT_CONVERSION = YES;
				GCC_WARN_ABOUT_RETURN_TYPE = YES_ERROR;
				GCC_WARN_UNDECLARED_SELECTOR = YES;
				GCC_WARN_UNINITIALIZED_AUTOS = YES_AGGRESSIVE;
				GCC_WARN_UNUSED_FUNCTION = YES;
				GCC_WARN_UNUSED_VARIABLE = YES;
				IPHONEOS_DEPLOYMENT_TARGET = 9.3;
				MTL_ENABLE_DEBUG_INFO = NO;
				SDKROOT = iphoneos;
				SWIFT_OPTIMIZATION_LEVEL = "-Owholemodule";
				TARGETED_DEVICE_FAMILY = "1,2";
				VALIDATE_PRODUCT = YES;
			};
			name = Release;
		};
		CC26480C1D6A9C2F00C9E5B1 /* Debug */ = {
			isa = XCBuildConfiguration;
			buildSettings = {
				ASSETCATALOG_COMPILER_APPICON_NAME = AppIcon;
				DEVELOPMENT_TEAM = YZP52RND5S;
				INFOPLIST_FILE = Detector/Info.plist;
				LD_RUNPATH_SEARCH_PATHS = "$(inherited) @executable_path/Frameworks";
				PRODUCT_BUNDLE_IDENTIFIER = com.infinityapps.Detector;
				PRODUCT_NAME = "$(TARGET_NAME)";
				SWIFT_VERSION = 3.0;
			};
			name = Debug;
		};
		CC26480D1D6A9C2F00C9E5B1 /* Release */ = {
			isa = XCBuildConfiguration;
			buildSettings = {
				ASSETCATALOG_COMPILER_APPICON_NAME = AppIcon;
				DEVELOPMENT_TEAM = YZP52RND5S;
				INFOPLIST_FILE = Detector/Info.plist;
				LD_RUNPATH_SEARCH_PATHS = "$(inherited) @executable_path/Frameworks";
				PRODUCT_BUNDLE_IDENTIFIER = com.infinityapps.Detector;
				PRODUCT_NAME = "$(TARGET_NAME)";
				SWIFT_VERSION = 3.0;
			};
			name = Release;
		};
/* End XCBuildConfiguration section */

/* Begin XCConfigurationList section */
		CC2647F41D6A9C2F00C9E5B1 /* Build configuration list for PBXProject "Detector" */ = {
			isa = XCConfigurationList;
			buildConfigurations = (
				CC2648091D6A9C2F00C9E5B1 /* Debug */,
				CC26480A1D6A9C2F00C9E5B1 /* Release */,
			);
			defaultConfigurationIsVisible = 0;
			defaultConfigurationName = Release;
		};
		CC26480B1D6A9C2F00C9E5B1 /* Build configuration list for PBXNativeTarget "Detector" */ = {
			isa = XCConfigurationList;
			buildConfigurations = (
				CC26480C1D6A9C2F00C9E5B1 /* Debug */,
				CC26480D1D6A9C2F00C9E5B1 /* Release */,
			);
			defaultConfigurationIsVisible = 0;
			defaultConfigurationName = Release;
		};
/* End XCConfigurationList section */
	};
	rootObject = CC2647F11D6A9C2F00C9E5B1 /* Project object */;
}
